// !$*UTF8*$!
{
	archiveVersion = 1;
	classes = {
	};
	objectVersion = 56;
	objects = {

/* Begin PBXBuildFile section */
		BD4E734C2C2C8B59006ADA54 /* dao_homeApp.swift in Sources */ = {isa = PBXBuildFile; fileRef = BD4E734B2C2C8B59006ADA54 /* dao_homeApp.swift */; };
		BD4E734E2C2C8B59006ADA54 /* ContentView.swift in Sources */ = {isa = PBXBuildFile; fileRef = BD4E734D2C2C8B59006ADA54 /* ContentView.swift */; };
		BD4E73502C2C8B5B006ADA54 /* Assets.xcassets in Resources */ = {isa = PBXBuildFile; fileRef = BD4E734F2C2C8B5B006ADA54 /* Assets.xcassets */; };
		BD4E73532C2C8B5B006ADA54 /* Preview Assets.xcassets in Resources */ = {isa = PBXBuildFile; fileRef = BD4E73522C2C8B5B006ADA54 /* Preview Assets.xcassets */; };
		BD4E735D2C2C8B5B006ADA54 /* dao_homeTests.swift in Sources */ = {isa = PBXBuildFile; fileRef = BD4E735C2C2C8B5B006ADA54 /* dao_homeTests.swift */; };
		BD4E73672C2C8B5B006ADA54 /* dao_homeUITests.swift in Sources */ = {isa = PBXBuildFile; fileRef = BD4E73662C2C8B5B006ADA54 /* dao_homeUITests.swift */; };
		BD4E73692C2C8B5B006ADA54 /* dao_homeUITestsLaunchTests.swift in Sources */ = {isa = PBXBuildFile; fileRef = BD4E73682C2C8B5B006ADA54 /* dao_homeUITestsLaunchTests.swift */; };
		BD4E73762C2C8B8A006ADA54 /* SecondView.swift in Sources */ = {isa = PBXBuildFile; fileRef = BD4E73752C2C8B8A006ADA54 /* SecondView.swift */; };
		BD4E73782C2C8BC2006ADA54 /* ThirdView.swift in Sources */ = {isa = PBXBuildFile; fileRef = BD4E73772C2C8BC2006ADA54 /* ThirdView.swift */; };
		BD4E737C2C2CA800006ADA54 /* FourthView.swift in Sources */ = {isa = PBXBuildFile; fileRef = BD4E737B2C2CA800006ADA54 /* FourthView.swift */; };
		BD4E737E2C2CAB34006ADA54 /* FifthView.swift in Sources */ = {isa = PBXBuildFile; fileRef = BD4E737D2C2CAB34006ADA54 /* FifthView.swift */; };
		BD69FB022C2DFF5E003070A1 /* DataItem.swift in Sources */ = {isa = PBXBuildFile; fileRef = BD69FB012C2DFF5E003070A1 /* DataItem.swift */; };
/* End PBXBuildFile section */

/* Begin PBXContainerItemProxy section */
		BD4E73592C2C8B5B006ADA54 /* PBXContainerItemProxy */ = {
			isa = PBXContainerItemProxy;
			containerPortal = BD4E73402C2C8B59006ADA54 /* Project object */;
			proxyType = 1;
			remoteGlobalIDString = BD4E73472C2C8B59006ADA54;
			remoteInfo = dao_home;
		};
		BD4E73632C2C8B5B006ADA54 /* PBXContainerItemProxy */ = {
			isa = PBXContainerItemProxy;
			containerPortal = BD4E73402C2C8B59006ADA54 /* Project object */;
			proxyType = 1;
			remoteGlobalIDString = BD4E73472C2C8B59006ADA54;
			remoteInfo = dao_home;
		};
/* End PBXContainerItemProxy section */

/* Begin PBXFileReference section */
		BD4E73482C2C8B59006ADA54 /* dao_home.app */ = {isa = PBXFileReference; explicitFileType = wrapper.application; includeInIndex = 0; path = dao_home.app; sourceTree = BUILT_PRODUCTS_DIR; };
		BD4E734B2C2C8B59006ADA54 /* dao_homeApp.swift */ = {isa = PBXFileReference; lastKnownFileType = sourcecode.swift; path = dao_homeApp.swift; sourceTree = "<group>"; };
		BD4E734D2C2C8B59006ADA54 /* ContentView.swift */ = {isa = PBXFileReference; lastKnownFileType = sourcecode.swift; path = ContentView.swift; sourceTree = "<group>"; };
		BD4E734F2C2C8B5B006ADA54 /* Assets.xcassets */ = {isa = PBXFileReference; lastKnownFileType = folder.assetcatalog; path = Assets.xcassets; sourceTree = "<group>"; };
		BD4E73522C2C8B5B006ADA54 /* Preview Assets.xcassets */ = {isa = PBXFileReference; lastKnownFileType = folder.assetcatalog; path = "Preview Assets.xcassets"; sourceTree = "<group>"; };
		BD4E73582C2C8B5B006ADA54 /* dao_homeTests.xctest */ = {isa = PBXFileReference; explicitFileType = wrapper.cfbundle; includeInIndex = 0; path = dao_homeTests.xctest; sourceTree = BUILT_PRODUCTS_DIR; };
		BD4E735C2C2C8B5B006ADA54 /* dao_homeTests.swift */ = {isa = PBXFileReference; lastKnownFileType = sourcecode.swift; path = dao_homeTests.swift; sourceTree = "<group>"; };
		BD4E73622C2C8B5B006ADA54 /* dao_homeUITests.xctest */ = {isa = PBXFileReference; explicitFileType = wrapper.cfbundle; includeInIndex = 0; path = dao_homeUITests.xctest; sourceTree = BUILT_PRODUCTS_DIR; };
		BD4E73662C2C8B5B006ADA54 /* dao_homeUITests.swift */ = {isa = PBXFileReference; lastKnownFileType = sourcecode.swift; path = dao_homeUITests.swift; sourceTree = "<group>"; };
		BD4E73682C2C8B5B006ADA54 /* dao_homeUITestsLaunchTests.swift */ = {isa = PBXFileReference; lastKnownFileType = sourcecode.swift; path = dao_homeUITestsLaunchTests.swift; sourceTree = "<group>"; };
		BD4E73752C2C8B8A006ADA54 /* SecondView.swift */ = {isa = PBXFileReference; lastKnownFileType = sourcecode.swift; path = SecondView.swift; sourceTree = "<group>"; };
		BD4E73772C2C8BC2006ADA54 /* ThirdView.swift */ = {isa = PBXFileReference; lastKnownFileType = sourcecode.swift; path = ThirdView.swift; sourceTree = "<group>"; };
		BD4E737B2C2CA800006ADA54 /* FourthView.swift */ = {isa = PBXFileReference; lastKnownFileType = sourcecode.swift; path = FourthView.swift; sourceTree = "<group>"; };
		BD4E737D2C2CAB34006ADA54 /* FifthView.swift */ = {isa = PBXFileReference; lastKnownFileType = sourcecode.swift; path = FifthView.swift; sourceTree = "<group>"; };
		BD69FB012C2DFF5E003070A1 /* DataItem.swift */ = {isa = PBXFileReference; lastKnownFileType = sourcecode.swift; path = DataItem.swift; sourceTree = "<group>"; };
/* End PBXFileReference section */

/* Begin PBXFrameworksBuildPhase section */
		BD4E73452C2C8B59006ADA54 /* Frameworks */ = {
			isa = PBXFrameworksBuildPhase;
			buildActionMask = 2147483647;
			files = (
			);
			runOnlyForDeploymentPostprocessing = 0;
		};
		BD4E73552C2C8B5B006ADA54 /* Frameworks */ = {
			isa = PBXFrameworksBuildPhase;
			buildActionMask = 2147483647;
			files = (
			);
			runOnlyForDeploymentPostprocessing = 0;
		};
		BD4E735F2C2C8B5B006ADA54 /* Frameworks */ = {
			isa = PBXFrameworksBuildPhase;
			buildActionMask = 2147483647;
			files = (
			);
			runOnlyForDeploymentPostprocessing = 0;
		};
/* End PBXFrameworksBuildPhase section */

/* Begin PBXGroup section */
		BD4E733F2C2C8B59006ADA54 = {
			isa = PBXGroup;
			children = (
				BD4E734A2C2C8B59006ADA54 /* dao_home */,
				BD4E735B2C2C8B5B006ADA54 /* dao_homeTests */,
				BD4E73652C2C8B5B006ADA54 /* dao_homeUITests */,
				BD4E73492C2C8B59006ADA54 /* Products */,
			);
			sourceTree = "<group>";
		};
		BD4E73492C2C8B59006ADA54 /* Products */ = {
			isa = PBXGroup;
			children = (
				BD4E73482C2C8B59006ADA54 /* dao_home.app */,
				BD4E73582C2C8B5B006ADA54 /* dao_homeTests.xctest */,
				BD4E73622C2C8B5B006ADA54 /* dao_homeUITests.xctest */,
			);
			name = Products;
			sourceTree = "<group>";
		};
		BD4E734A2C2C8B59006ADA54 /* dao_home */ = {
			isa = PBXGroup;
			children = (
				BD4E734B2C2C8B59006ADA54 /* dao_homeApp.swift */,
				BD4E734D2C2C8B59006ADA54 /* ContentView.swift */,
				BD4E73752C2C8B8A006ADA54 /* SecondView.swift */,
				BD4E737D2C2CAB34006ADA54 /* FifthView.swift */,
				BD4E737B2C2CA800006ADA54 /* FourthView.swift */,
				BD4E73772C2C8BC2006ADA54 /* ThirdView.swift */,
				BD4E734F2C2C8B5B006ADA54 /* Assets.xcassets */,
				BD4E73512C2C8B5B006ADA54 /* Preview Content */,
				BD69FB012C2DFF5E003070A1 /* DataItem.swift */,
			);
			path = dao_home;
			sourceTree = "<group>";
		};
		BD4E73512C2C8B5B006ADA54 /* Preview Content */ = {
			isa = PBXGroup;
			children = (
				BD4E73522C2C8B5B006ADA54 /* Preview Assets.xcassets */,
			);
			path = "Preview Content";
			sourceTree = "<group>";
		};
		BD4E735B2C2C8B5B006ADA54 /* dao_homeTests */ = {
			isa = PBXGroup;
			children = (
				BD4E735C2C2C8B5B006ADA54 /* dao_homeTests.swift */,
			);
			path = dao_homeTests;
			sourceTree = "<group>";
		};
		BD4E73652C2C8B5B006ADA54 /* dao_homeUITests */ = {
			isa = PBXGroup;
			children = (
				BD4E73662C2C8B5B006ADA54 /* dao_homeUITests.swift */,
				BD4E73682C2C8B5B006ADA54 /* dao_homeUITestsLaunchTests.swift */,
			);
			path = dao_homeUITests;
			sourceTree = "<group>";
		};
/* End PBXGroup section */

/* Begin PBXNativeTarget section */
		BD4E73472C2C8B59006ADA54 /* dao_home */ = {
			isa = PBXNativeTarget;
			buildConfigurationList = BD4E736C2C2C8B5B006ADA54 /* Build configuration list for PBXNativeTarget "dao_home" */;
			buildPhases = (
				BD4E73442C2C8B59006ADA54 /* Sources */,
				BD4E73452C2C8B59006ADA54 /* Frameworks */,
				BD4E73462C2C8B59006ADA54 /* Resources */,
			);
			buildRules = (
			);
			dependencies = (
			);
			name = dao_home;
			productName = dao_home;
			productReference = BD4E73482C2C8B59006ADA54 /* dao_home.app */;
			productType = "com.apple.product-type.application";
		};
		BD4E73572C2C8B5B006ADA54 /* dao_homeTests */ = {
			isa = PBXNativeTarget;
			buildConfigurationList = BD4E736F2C2C8B5B006ADA54 /* Build configuration list for PBXNativeTarget "dao_homeTests" */;
			buildPhases = (
				BD4E73542C2C8B5B006ADA54 /* Sources */,
				BD4E73552C2C8B5B006ADA54 /* Frameworks */,
				BD4E73562C2C8B5B006ADA54 /* Resources */,
			);
			buildRules = (
			);
			dependencies = (
				BD4E735A2C2C8B5B006ADA54 /* PBXTargetDependency */,
			);
			name = dao_homeTests;
			productName = dao_homeTests;
			productReference = BD4E73582C2C8B5B006ADA54 /* dao_homeTests.xctest */;
			productType = "com.apple.product-type.bundle.unit-test";
		};
		BD4E73612C2C8B5B006ADA54 /* dao_homeUITests */ = {
			isa = PBXNativeTarget;
			buildConfigurationList = BD4E73722C2C8B5B006ADA54 /* Build configuration list for PBXNativeTarget "dao_homeUITests" */;
			buildPhases = (
				BD4E735E2C2C8B5B006ADA54 /* Sources */,
				BD4E735F2C2C8B5B006ADA54 /* Frameworks */,
				BD4E73602C2C8B5B006ADA54 /* Resources */,
			);
			buildRules = (
			);
			dependencies = (
				BD4E73642C2C8B5B006ADA54 /* PBXTargetDependency */,
			);
			name = dao_homeUITests;
			productName = dao_homeUITests;
			productReference = BD4E73622C2C8B5B006ADA54 /* dao_homeUITests.xctest */;
			productType = "com.apple.product-type.bundle.ui-testing";
		};
/* End PBXNativeTarget section */

/* Begin PBXProject section */
		BD4E73402C2C8B59006ADA54 /* Project object */ = {
			isa = PBXProject;
			attributes = {
				BuildIndependentTargetsInParallel = 1;
				LastSwiftUpdateCheck = 1540;
				LastUpgradeCheck = 1540;
				TargetAttributes = {
					BD4E73472C2C8B59006ADA54 = {
						CreatedOnToolsVersion = 15.4;
					};
					BD4E73572C2C8B5B006ADA54 = {
						CreatedOnToolsVersion = 15.4;
						TestTargetID = BD4E73472C2C8B59006ADA54;
					};
					BD4E73612C2C8B5B006ADA54 = {
						CreatedOnToolsVersion = 15.4;
						TestTargetID = BD4E73472C2C8B59006ADA54;
					};
				};
			};
			buildConfigurationList = BD4E73432C2C8B59006ADA54 /* Build configuration list for PBXProject "dao_home" */;
			compatibilityVersion = "Xcode 14.0";
			developmentRegion = en;
			hasScannedForEncodings = 0;
			knownRegions = (
				en,
				Base,
			);
			mainGroup = BD4E733F2C2C8B59006ADA54;
			productRefGroup = BD4E73492C2C8B59006ADA54 /* Products */;
			projectDirPath = "";
			projectRoot = "";
			targets = (
				BD4E73472C2C8B59006ADA54 /* dao_home */,
				BD4E73572C2C8B5B006ADA54 /* dao_homeTests */,
				BD4E73612C2C8B5B006ADA54 /* dao_homeUITests */,
			);
		};
/* End PBXProject section */

/* Begin PBXResourcesBuildPhase section */
		BD4E73462C2C8B59006ADA54 /* Resources */ = {
			isa = PBXResourcesBuildPhase;
			buildActionMask = 2147483647;
			files = (
				BD4E73532C2C8B5B006ADA54 /* Preview Assets.xcassets in Resources */,
				BD4E73502C2C8B5B006ADA54 /* Assets.xcassets in Resources */,
			);
			runOnlyForDeploymentPostprocessing = 0;
		};
		BD4E73562C2C8B5B006ADA54 /* Resources */ = {
			isa = PBXResourcesBuildPhase;
			buildActionMask = 2147483647;
			files = (
			);
			runOnlyForDeploymentPostprocessing = 0;
		};
		BD4E73602C2C8B5B006ADA54 /* Resources */ = {
			isa = PBXResourcesBuildPhase;
			buildActionMask = 2147483647;
			files = (
			);
			runOnlyForDeploymentPostprocessing = 0;
		};
/* End PBXResourcesBuildPhase section */

/* Begin PBXSourcesBuildPhase section */
		BD4E73442C2C8B59006ADA54 /* Sources */ = {
			isa = PBXSourcesBuildPhase;
			buildActionMask = 2147483647;
			files = (
				BD4E73782C2C8BC2006ADA54 /* ThirdView.swift in Sources */,
				BD69FB022C2DFF5E003070A1 /* DataItem.swift in Sources */,
				BD4E73762C2C8B8A006ADA54 /* SecondView.swift in Sources */,
				BD4E734E2C2C8B59006ADA54 /* ContentView.swift in Sources */,
				BD4E734C2C2C8B59006ADA54 /* dao_homeApp.swift in Sources */,
				BD4E737E2C2CAB34006ADA54 /* FifthView.swift in Sources */,
				BD4E737C2C2CA800006ADA54 /* FourthView.swift in Sources */,
			);
			runOnlyForDeploymentPostprocessing = 0;
		};
		BD4E73542C2C8B5B006ADA54 /* Sources */ = {
			isa = PBXSourcesBuildPhase;
			buildActionMask = 2147483647;
			files = (
				BD4E735D2C2C8B5B006ADA54 /* dao_homeTests.swift in Sources */,
			);
			runOnlyForDeploymentPostprocessing = 0;
		};
		BD4E735E2C2C8B5B006ADA54 /* Sources */ = {
			isa = PBXSourcesBuildPhase;
			buildActionMask = 2147483647;
			files = (
				BD4E73692C2C8B5B006ADA54 /* dao_homeUITestsLaunchTests.swift in Sources */,
				BD4E73672C2C8B5B006ADA54 /* dao_homeUITests.swift in Sources */,
			);
			runOnlyForDeploymentPostprocessing = 0;
		};
/* End PBXSourcesBuildPhase section */

/* Begin PBXTargetDependency section */
		BD4E735A2C2C8B5B006ADA54 /* PBXTargetDependency */ = {
			isa = PBXTargetDependency;
			target = BD4E73472C2C8B59006ADA54 /* dao_home */;
			targetProxy = BD4E73592C2C8B5B006ADA54 /* PBXContainerItemProxy */;
		};
		BD4E73642C2C8B5B006ADA54 /* PBXTargetDependency */ = {
			isa = PBXTargetDependency;
			target = BD4E73472C2C8B59006ADA54 /* dao_home */;
			targetProxy = BD4E73632C2C8B5B006ADA54 /* PBXContainerItemProxy */;
		};
/* End PBXTargetDependency section */

/* Begin XCBuildConfiguration section */
		BD4E736A2C2C8B5B006ADA54 /* Debug */ = {
			isa = XCBuildConfiguration;
			buildSettings = {
				ALWAYS_SEARCH_USER_PATHS = NO;
				ASSETCATALOG_COMPILER_GENERATE_SWIFT_ASSET_SYMBOL_EXTENSIONS = YES;
				CLANG_ANALYZER_NONNULL = YES;
				CLANG_ANALYZER_NUMBER_OBJECT_CONVERSION = YES_AGGRESSIVE;
				CLANG_CXX_LANGUAGE_STANDARD = "gnu++20";
				CLANG_ENABLE_MODULES = YES;
				CLANG_ENABLE_OBJC_ARC = YES;
				CLANG_ENABLE_OBJC_WEAK = YES;
				CLANG_WARN_BLOCK_CAPTURE_AUTORELEASING = YES;
				CLANG_WARN_BOOL_CONVERSION = YES;
				CLANG_WARN_COMMA = YES;
				CLANG_WARN_CONSTANT_CONVERSION = YES;
				CLANG_WARN_DEPRECATED_OBJC_IMPLEMENTATIONS = YES;
				CLANG_WARN_DIRECT_OBJC_ISA_USAGE = YES_ERROR;
				CLANG_WARN_DOCUMENTATION_COMMENTS = YES;
				CLANG_WARN_EMPTY_BODY = YES;
				CLANG_WARN_ENUM_CONVERSION = YES;
				CLANG_WARN_INFINITE_RECURSION = YES;
				CLANG_WARN_INT_CONVERSION = YES;
				CLANG_WARN_NON_LITERAL_NULL_CONVERSION = YES;
				CLANG_WARN_OBJC_IMPLICIT_RETAIN_SELF = YES;
				CLANG_WARN_OBJC_LITERAL_CONVERSION = YES;
				CLANG_WARN_OBJC_ROOT_CLASS = YES_ERROR;
				CLANG_WARN_QUOTED_INCLUDE_IN_FRAMEWORK_HEADER = YES;
				CLANG_WARN_RANGE_LOOP_ANALYSIS = YES;
				CLANG_WARN_STRICT_PROTOTYPES = YES;
				CLANG_WARN_SUSPICIOUS_MOVE = YES;
				CLANG_WARN_UNGUARDED_AVAILABILITY = YES_AGGRESSIVE;
				CLANG_WARN_UNREACHABLE_CODE = YES;
				CLANG_WARN__DUPLICATE_METHOD_MATCH = YES;
				COPY_PHASE_STRIP = NO;
				DEBUG_INFORMATION_FORMAT = dwarf;
				ENABLE_STRICT_OBJC_MSGSEND = YES;
				ENABLE_TESTABILITY = YES;
				ENABLE_USER_SCRIPT_SANDBOXING = YES;
				GCC_C_LANGUAGE_STANDARD = gnu17;
				GCC_DYNAMIC_NO_PIC = NO;
				GCC_NO_COMMON_BLOCKS = YES;
				GCC_OPTIMIZATION_LEVEL = 0;
				GCC_PREPROCESSOR_DEFINITIONS = (
					"DEBUG=1",
					"$(inherited)",
				);
				GCC_WARN_64_TO_32_BIT_CONVERSION = YES;
				GCC_WARN_ABOUT_RETURN_TYPE = YES_ERROR;
				GCC_WARN_UNDECLARED_SELECTOR = YES;
				GCC_WARN_UNINITIALIZED_AUTOS = YES_AGGRESSIVE;
				GCC_WARN_UNUSED_FUNCTION = YES;
				GCC_WARN_UNUSED_VARIABLE = YES;
				IPHONEOS_DEPLOYMENT_TARGET = 17.5;
				LOCALIZATION_PREFERS_STRING_CATALOGS = YES;
				MTL_ENABLE_DEBUG_INFO = INCLUDE_SOURCE;
				MTL_FAST_MATH = YES;
				ONLY_ACTIVE_ARCH = YES;
				SDKROOT = iphoneos;
				SWIFT_ACTIVE_COMPILATION_CONDITIONS = "DEBUG $(inherited)";
				SWIFT_OPTIMIZATION_LEVEL = "-Onone";
			};
			name = Debug;
		};
		BD4E736B2C2C8B5B006ADA54 /* Release */ = {
			isa = XCBuildConfiguration;
			buildSettings = {
				ALWAYS_SEARCH_USER_PATHS = NO;
				ASSETCATALOG_COMPILER_GENERATE_SWIFT_ASSET_SYMBOL_EXTENSIONS = YES;
				CLANG_ANALYZER_NONNULL = YES;
				CLANG_ANALYZER_NUMBER_OBJECT_CONVERSION = YES_AGGRESSIVE;
				CLANG_CXX_LANGUAGE_STANDARD = "gnu++20";
				CLANG_ENABLE_MODULES = YES;
				CLANG_ENABLE_OBJC_ARC = YES;
				CLANG_ENABLE_OBJC_WEAK = YES;
				CLANG_WARN_BLOCK_CAPTURE_AUTORELEASING = YES;
				CLANG_WARN_BOOL_CONVERSION = YES;
				CLANG_WARN_COMMA = YES;
				CLANG_WARN_CONSTANT_CONVERSION = YES;
				CLANG_WARN_DEPRECATED_OBJC_IMPLEMENTATIONS = YES;
				CLANG_WARN_DIRECT_OBJC_ISA_USAGE = YES_ERROR;
				CLANG_WARN_DOCUMENTATION_COMMENTS = YES;
				CLANG_WARN_EMPTY_BODY = YES;
				CLANG_WARN_ENUM_CONVERSION = YES;
				CLANG_WARN_INFINITE_RECURSION = YES;
				CLANG_WARN_INT_CONVERSION = YES;
				CLANG_WARN_NON_LITERAL_NULL_CONVERSION = YES;
				CLANG_WARN_OBJC_IMPLICIT_RETAIN_SELF = YES;
				CLANG_WARN_OBJC_LITERAL_CONVERSION = YES;
				CLANG_WARN_OBJC_ROOT_CLASS = YES_ERROR;
				CLANG_WARN_QUOTED_INCLUDE_IN_FRAMEWORK_HEADER = YES;
				CLANG_WARN_RANGE_LOOP_ANALYSIS = YES;
				CLANG_WARN_STRICT_PROTOTYPES = YES;
				CLANG_WARN_SUSPICIOUS_MOVE = YES;
				CLANG_WARN_UNGUARDED_AVAILABILITY = YES_AGGRESSIVE;
				CLANG_WARN_UNREACHABLE_CODE = YES;
				CLANG_WARN__DUPLICATE_METHOD_MATCH = YES;
				COPY_PHASE_STRIP = NO;
				DEBUG_INFORMATION_FORMAT = "dwarf-with-dsym";
				ENABLE_NS_ASSERTIONS = NO;
				ENABLE_STRICT_OBJC_MSGSEND = YES;
				ENABLE_USER_SCRIPT_SANDBOXING = YES;
				GCC_C_LANGUAGE_STANDARD = gnu17;
				GCC_NO_COMMON_BLOCKS = YES;
				GCC_WARN_64_TO_32_BIT_CONVERSION = YES;
				GCC_WARN_ABOUT_RETURN_TYPE = YES_ERROR;
				GCC_WARN_UNDECLARED_SELECTOR = YES;
				GCC_WARN_UNINITIALIZED_AUTOS = YES_AGGRESSIVE;
				GCC_WARN_UNUSED_FUNCTION = YES;
				GCC_WARN_UNUSED_VARIABLE = YES;
				IPHONEOS_DEPLOYMENT_TARGET = 17.5;
				LOCALIZATION_PREFERS_STRING_CATALOGS = YES;
				MTL_ENABLE_DEBUG_INFO = NO;
				MTL_FAST_MATH = YES;
				SDKROOT = iphoneos;
				SWIFT_COMPILATION_MODE = wholemodule;
				VALIDATE_PRODUCT = YES;
			};
			name = Release;
		};
		BD4E736D2C2C8B5B006ADA54 /* Debug */ = {
			isa = XCBuildConfiguration;
			buildSettings = {
				ASSETCATALOG_COMPILER_APPICON_NAME = AppIcon;
				ASSETCATALOG_COMPILER_GLOBAL_ACCENT_COLOR_NAME = AccentColor;
				CODE_SIGN_STYLE = Automatic;
				CURRENT_PROJECT_VERSION = 1;
				DEVELOPMENT_ASSET_PATHS = "\"dao_home/Preview Content\"";
				ENABLE_PREVIEWS = YES;
				GENERATE_INFOPLIST_FILE = YES;
				INFOPLIST_KEY_UIApplicationSceneManifest_Generation = YES;
				INFOPLIST_KEY_UIApplicationSupportsIndirectInputEvents = YES;
				INFOPLIST_KEY_UILaunchScreen_Generation = YES;
				INFOPLIST_KEY_UISupportedInterfaceOrientations_iPad = "UIInterfaceOrientationPortrait UIInterfaceOrientationPortraitUpsideDown UIInterfaceOrientationLandscapeLeft UIInterfaceOrientationLandscapeRight";
				INFOPLIST_KEY_UISupportedInterfaceOrientations_iPhone = "UIInterfaceOrientationPortrait UIInterfaceOrientationLandscapeLeft UIInterfaceOrientationLandscapeRight";
				LD_RUNPATH_SEARCH_PATHS = (
					"$(inherited)",
					"@executable_path/Frameworks",
				);
				MARKETING_VERSION = 1.0;
				PRODUCT_BUNDLE_IDENTIFIER = "kwk.dao-home";
				PRODUCT_NAME = "$(TARGET_NAME)";
				SWIFT_EMIT_LOC_STRINGS = YES;
				SWIFT_VERSION = 5.0;
				TARGETED_DEVICE_FAMILY = "1,2";
			};
			name = Debug;
		};
		BD4E736E2C2C8B5B006ADA54 /* Release */ = {
			isa = XCBuildConfiguration;
			buildSettings = {
				ASSETCATALOG_COMPILER_APPICON_NAME = AppIcon;
				ASSETCATALOG_COMPILER_GLOBAL_ACCENT_COLOR_NAME = AccentColor;
				CODE_SIGN_STYLE = Automatic;
				CURRENT_PROJECT_VERSION = 1;
				DEVELOPMENT_ASSET_PATHS = "\"dao_home/Preview Content\"";
				ENABLE_PREVIEWS = YES;
				GENERATE_INFOPLIST_FILE = YES;
				INFOPLIST_KEY_UIApplicationSceneManifest_Generation = YES;
				INFOPLIST_KEY_UIApplicationSupportsIndirectInputEvents = YES;
				INFOPLIST_KEY_UILaunchScreen_Generation = YES;
				INFOPLIST_KEY_UISupportedInterfaceOrientations_iPad = "UIInterfaceOrientationPortrait UIInterfaceOrientationPortraitUpsideDown UIInterfaceOrientationLandscapeLeft UIInterfaceOrientationLandscapeRight";
				INFOPLIST_KEY_UISupportedInterfaceOrientations_iPhone = "UIInterfaceOrientationPortrait UIInterfaceOrientationLandscapeLeft UIInterfaceOrientationLandscapeRight";
				LD_RUNPATH_SEARCH_PATHS = (
					"$(inherited)",
					"@executable_path/Frameworks",
				);
				MARKETING_VERSION = 1.0;
				PRODUCT_BUNDLE_IDENTIFIER = "kwk.dao-home";
				PRODUCT_NAME = "$(TARGET_NAME)";
				SWIFT_EMIT_LOC_STRINGS = YES;
				SWIFT_VERSION = 5.0;
				TARGETED_DEVICE_FAMILY = "1,2";
			};
			name = Release;
		};
		BD4E73702C2C8B5B006ADA54 /* Debug */ = {
			isa = XCBuildConfiguration;
			buildSettings = {
				ALWAYS_EMBED_SWIFT_STANDARD_LIBRARIES = YES;
				BUNDLE_LOADER = "$(TEST_HOST)";
				CODE_SIGN_STYLE = Automatic;
				CURRENT_PROJECT_VERSION = 1;
				GENERATE_INFOPLIST_FILE = YES;
				IPHONEOS_DEPLOYMENT_TARGET = 17.5;
				MARKETING_VERSION = 1.0;
				PRODUCT_BUNDLE_IDENTIFIER = "kwk.dao-homeTests";
				PRODUCT_NAME = "$(TARGET_NAME)";
				SWIFT_EMIT_LOC_STRINGS = NO;
				SWIFT_VERSION = 5.0;
				TARGETED_DEVICE_FAMILY = "1,2";
				TEST_HOST = "$(BUILT_PRODUCTS_DIR)/dao_home.app/$(BUNDLE_EXECUTABLE_FOLDER_PATH)/dao_home";
			};
			name = Debug;
		};
		BD4E73712C2C8B5B006ADA54 /* Release */ = {
			isa = XCBuildConfiguration;
			buildSettings = {
				ALWAYS_EMBED_SWIFT_STANDARD_LIBRARIES = YES;
				BUNDLE_LOADER = "$(TEST_HOST)";
				CODE_SIGN_STYLE = Automatic;
				CURRENT_PROJECT_VERSION = 1;
				GENERATE_INFOPLIST_FILE = YES;
				IPHONEOS_DEPLOYMENT_TARGET = 17.5;
				MARKETING_VERSION = 1.0;
				PRODUCT_BUNDLE_IDENTIFIER = "kwk.dao-homeTests";
				PRODUCT_NAME = "$(TARGET_NAME)";
				SWIFT_EMIT_LOC_STRINGS = NO;
				SWIFT_VERSION = 5.0;
				TARGETED_DEVICE_FAMILY = "1,2";
				TEST_HOST = "$(BUILT_PRODUCTS_DIR)/dao_home.app/$(BUNDLE_EXECUTABLE_FOLDER_PATH)/dao_home";
			};
			name = Release;
		};
		BD4E73732C2C8B5B006ADA54 /* Debug */ = {
			isa = XCBuildConfiguration;
			buildSettings = {
				ALWAYS_EMBED_SWIFT_STANDARD_LIBRARIES = YES;
				CODE_SIGN_STYLE = Automatic;
				CURRENT_PROJECT_VERSION = 1;
				GENERATE_INFOPLIST_FILE = YES;
				MARKETING_VERSION = 1.0;
				PRODUCT_BUNDLE_IDENTIFIER = "kwk.dao-homeUITests";
				PRODUCT_NAME = "$(TARGET_NAME)";
				SWIFT_EMIT_LOC_STRINGS = NO;
				SWIFT_VERSION = 5.0;
				TARGETED_DEVICE_FAMILY = "1,2";
				TEST_TARGET_NAME = dao_home;
			};
			name = Debug;
		};
		BD4E73742C2C8B5B006ADA54 /* Release */ = {
			isa = XCBuildConfiguration;
			buildSettings = {
				ALWAYS_EMBED_SWIFT_STANDARD_LIBRARIES = YES;
				CODE_SIGN_STYLE = Automatic;
				CURRENT_PROJECT_VERSION = 1;
				GENERATE_INFOPLIST_FILE = YES;
				MARKETING_VERSION = 1.0;
				PRODUCT_BUNDLE_IDENTIFIER = "kwk.dao-homeUITests";
				PRODUCT_NAME = "$(TARGET_NAME)";
				SWIFT_EMIT_LOC_STRINGS = NO;
				SWIFT_VERSION = 5.0;
				TARGETED_DEVICE_FAMILY = "1,2";
				TEST_TARGET_NAME = dao_home;
			};
			name = Release;
		};
/* End XCBuildConfiguration section */

/* Begin XCConfigurationList section */
		BD4E73432C2C8B59006ADA54 /* Build configuration list for PBXProject "dao_home" */ = {
			isa = XCConfigurationList;
			buildConfigurations = (
				BD4E736A2C2C8B5B006ADA54 /* Debug */,
				BD4E736B2C2C8B5B006ADA54 /* Release */,
			);
			defaultConfigurationIsVisible = 0;
			defaultConfigurationName = Release;
		};
		BD4E736C2C2C8B5B006ADA54 /* Build configuration list for PBXNativeTarget "dao_home" */ = {
			isa = XCConfigurationList;
			buildConfigurations = (
				BD4E736D2C2C8B5B006ADA54 /* Debug */,
				BD4E736E2C2C8B5B006ADA54 /* Release */,
			);
			defaultConfigurationIsVisible = 0;
			defaultConfigurationName = Release;
		};
		BD4E736F2C2C8B5B006ADA54 /* Build configuration list for PBXNativeTarget "dao_homeTests" */ = {
			isa = XCConfigurationList;
			buildConfigurations = (
				BD4E73702C2C8B5B006ADA54 /* Debug */,
				BD4E73712C2C8B5B006ADA54 /* Release */,
			);
			defaultConfigurationIsVisible = 0;
			defaultConfigurationName = Release;
		};
		BD4E73722C2C8B5B006ADA54 /* Build configuration list for PBXNativeTarget "dao_homeUITests" */ = {
			isa = XCConfigurationList;
			buildConfigurations = (
				BD4E73732C2C8B5B006ADA54 /* Debug */,
				BD4E73742C2C8B5B006ADA54 /* Release */,
			);
			defaultConfigurationIsVisible = 0;
			defaultConfigurationName = Release;
		};
/* End XCConfigurationList section */
	};
	rootObject = BD4E73402C2C8B59006ADA54 /* Project object */;
}
